# This file is automatically @generated by Poetry 1.5.4 and should not be changed by hand.

[[package]]
name = "easygui"
version = "0.98.3"
description = "EasyGUI is a module for very simple, very easy GUI programming in Python.  EasyGUI is different from other GUI generators in that EasyGUI is NOT event-driven.  Instead, all GUI interactions are invoked by simple function calls."
optional = false
python-versions = "*"
files = [
    {file = "easygui-0.98.3-py2.py3-none-any.whl", hash = "sha256:33498710c68b5376b459cd3fc48d1d1f33822139eb3ed01defbc0528326da3ba"},
    {file = "easygui-0.98.3.tar.gz", hash = "sha256:d653ff79ee1f42f63b5a090f2f98ce02335d86ad8963b3ce2661805cafe99a04"},
]

[metadata]
lock-version = "2.0"
python-versions = ">=3.10.0,<3.12"
content-hash = "85b52c130c7b63b5ee59481265ea2608fc65862138e114017b264d43de34971c"
